<Solution>
  <Folder Name="/Solution Items/">
    <File Path="README.md" />
  </Folder>
  <Folder Name="/src/">
    <Project Path="src/DocxTemplateEngine/DocxTemplateEngine.csproj" />
  </Folder>
  <Folder Name="/tests/">
    <Project Path="tests/DocxTemplateEngine.Tests/DocxTemplateEngine.Tests.csproj" />
  </Folder>
</Solution>
